
Microsoft Visual Studio Solution File, Format Version 12.00
# Visual Studio Version 17
VisualStudioVersion = 17.6.33815.320
MinimumVisualStudioVersion = 10.0.40219.1
Project("{9A19103F-16F7-4668-BE54-9A1E7A4F7556}") = "MarksLauncher", "MarksLauncher\MarksLauncher.csproj", "{FF2D89A1-E76A-4C6B-A1F8-3C8BD438291A}"
EndProject
Global
	GlobalSection(SolutionConfigurationPlatforms) = preSolution
		Debug|Any CPU = Debug|Any CPU
		Debug|ARM = Debug|ARM
		Debug|ARM64 = Debug|ARM64
		Debug|x64 = Debug|x64
		Debug|x86 = Debug|x86
		Release|Any CPU = Release|Any CPU
		Release|ARM = Release|ARM
		Release|ARM64 = Release|ARM64
		Release|x64 = Release|x64
		Release|x86 = Release|x86
	EndGlobalSection
	GlobalSection(ProjectConfigurationPlatforms) = postSolution
		{FF2D89A1-E76A-4C6B-A1F8-3C8BD438291A}.Debug|Any CPU.ActiveCfg = Debug|Any CPU
		{FF2D89A1-E76A-4C6B-A1F8-3C8BD438291A}.Debug|Any CPU.Build.0 = Debug|Any CPU
		{FF2D89A1-E76A-4C6B-A1F8-3C8BD438291A}.Debug|ARM.ActiveCfg = Debug|Any CPU
		{FF2D89A1-E76A-4C6B-A1F8-3C8BD438291A}.Debug|ARM.Build.0 = Debug|Any CPU
		{FF2D89A1-E76A-4C6B-A1F8-3C8BD438291A}.Debug|ARM64.ActiveCfg = Debug|Any CPU
		{FF2D89A1-E76A-4C6B-A1F8-3C8BD438291A}.Debug|ARM64.Build.0 = Debug|Any CPU
		{FF2D89A1-E76A-4C6B-A1F8-3C8BD438291A}.Debug|x64.ActiveCfg = Debug|Any CPU
		{FF2D89A1-E76A-4C6B-A1F8-3C8BD438291A}.Debug|x64.Build.0 = Debug|Any CPU
		{FF2D89A1-E76A-4C6B-A1F8-3C8BD438291A}.Debug|x86.ActiveCfg = Debug|Any CPU
		{FF2D89A1-E76A-4C6B-A1F8-3C8BD438291A}.Debug|x86.Build.0 = Debug|Any CPU
		{FF2D89A1-E76A-4C6B-A1F8-3C8BD438291A}.Release|Any CPU.ActiveCfg = Release|Any CPU
		{FF2D89A1-E76A-4C6B-A1F8-3C8BD438291A}.Release|Any CPU.Build.0 = Release|Any CPU
		{FF2D89A1-E76A-4C6B-A1F8-3C8BD438291A}.Release|ARM.ActiveCfg = Release|Any CPU
		{FF2D89A1-E76A-4C6B-A1F8-3C8BD438291A}.Release|ARM.Build.0 = Release|Any CPU
		{FF2D89A1-E76A-4C6B-A1F8-3C8BD438291A}.Release|ARM64.ActiveCfg = Release|Any CPU
		{FF2D89A1-E76A-4C6B-A1F8-3C8BD438291A}.Release|ARM64.Build.0 = Release|Any CPU
		{FF2D89A1-E76A-4C6B-A1F8-3C8BD438291A}.Release|x64.ActiveCfg = Release|Any CPU
		{FF2D89A1-E76A-4C6B-A1F8-3C8BD438291A}.Release|x64.Build.0 = Release|Any CPU
		{FF2D89A1-E76A-4C6B-A1F8-3C8BD438291A}.Release|x86.ActiveCfg = Release|Any CPU
		{FF2D89A1-E76A-4C6B-A1F8-3C8BD438291A}.Release|x86.Build.0 = Release|Any CPU
	EndGlobalSection
	GlobalSection(SolutionProperties) = preSolution
		HideSolutionNode = FALSE
	EndGlobalSection
	GlobalSection(ExtensibilityGlobals) = postSolution
		SolutionGuid = {53DA2C51-52E5-4A65-A7F4-4B14BCDD0806}
	EndGlobalSection
EndGlobal
